
Microsoft Visual Studio Solution File, Format Version 12.00
# Visual Studio Version 16
VisualStudioVersion = 16.0.31702.278
MinimumVisualStudioVersion = 10.0.40219.1
Project("{FAE04EC0-301F-11D3-BF4B-00C04F79EFBC}") = "AspNetCalc2", "AspNetCalc2.csproj", "{A5C9E810-F556-4487-A101-020B528B408E}"
EndProject
Global
	GlobalSection(SolutionConfigurationPlatforms) = preSolution
		Debug|Any CPU = Debug|Any CPU
		Release|Any CPU = Release|Any CPU
	EndGlobalSection
	GlobalSection(ProjectConfigurationPlatforms) = postSolution
		{A5C9E810-F556-4487-A101-020B528B408E}.Debug|Any CPU.ActiveCfg = Debug|Any CPU
		{A5C9E810-F556-4487-A101-020B528B408E}.Debug|Any CPU.Build.0 = Debug|Any CPU
		{A5C9E810-F556-4487-A101-020B528B408E}.Release|Any CPU.ActiveCfg = Release|Any CPU
		{A5C9E810-F556-4487-A101-020B528B408E}.Release|Any CPU.Build.0 = Release|Any CPU
	EndGlobalSection
	GlobalSection(SolutionProperties) = preSolution
		HideSolutionNode = FALSE
	EndGlobalSection
	GlobalSection(ExtensibilityGlobals) = postSolution
		SolutionGuid = {D8934E96-88D4-4591-A312-7DDC957F6D8D}
	EndGlobalSection
EndGlobal
